// !$*UTF8*$!
{
	archiveVersion = 1;
	classes = {
	};
	objectVersion = 48;
	objects = {

/* Begin PBXBuildFile section */
		09BB4CE2678B5E2802E2B41F /* Pods_CosmeticShop.framework in Frameworks */ = {isa = PBXBuildFile; fileRef = ABCDF5682221DF6CBDDCA751 /* Pods_CosmeticShop.framework */; };
		B25EC66A1FAE077100545783 /* AppDelegate.swift in Sources */ = {isa = PBXBuildFile; fileRef = B25EC6691FAE077100545783 /* AppDelegate.swift */; };
		B25EC66C1FAE077100545783 /* ViewController.swift in Sources */ = {isa = PBXBuildFile; fileRef = B25EC66B1FAE077100545783 /* ViewController.swift */; };
		B25EC66F1FAE077100545783 /* Main.storyboard in Resources */ = {isa = PBXBuildFile; fileRef = B25EC66D1FAE077100545783 /* Main.storyboard */; };
		B25EC6711FAE077100545783 /* Assets.xcassets in Resources */ = {isa = PBXBuildFile; fileRef = B25EC6701FAE077100545783 /* Assets.xcassets */; };
		B25EC6741FAE077100545783 /* LaunchScreen.storyboard in Resources */ = {isa = PBXBuildFile; fileRef = B25EC6721FAE077100545783 /* LaunchScreen.storyboard */; };
/* End PBXBuildFile section */

/* Begin PBXFileReference section */
		329EEA5398ECE6842F5C2472 /* Pods-CosmeticShop.debug.xcconfig */ = {isa = PBXFileReference; includeInIndex = 1; lastKnownFileType = text.xcconfig; name = "Pods-CosmeticShop.debug.xcconfig"; path = "Pods/Target Support Files/Pods-CosmeticShop/Pods-CosmeticShop.debug.xcconfig"; sourceTree = "<group>"; };
		A1A5380666F9E8984D84B84B /* Pods-CosmeticShop.release.xcconfig */ = {isa = PBXFileReference; includeInIndex = 1; lastKnownFileType = text.xcconfig; name = "Pods-CosmeticShop.release.xcconfig"; path = "Pods/Target Support Files/Pods-CosmeticShop/Pods-CosmeticShop.release.xcconfig"; sourceTree = "<group>"; };
		ABCDF5682221DF6CBDDCA751 /* Pods_CosmeticShop.framework */ = {isa = PBXFileReference; explicitFileType = wrapper.framework; includeInIndex = 0; path = Pods_CosmeticShop.framework; sourceTree = BUILT_PRODUCTS_DIR; };
		B25EC6661FAE077100545783 /* CosmeticShop.app */ = {isa = PBXFileReference; explicitFileType = wrapper.application; includeInIndex = 0; path = CosmeticShop.app; sourceTree = BUILT_PRODUCTS_DIR; };
		B25EC6691FAE077100545783 /* AppDelegate.swift */ = {isa = PBXFileReference; lastKnownFileType = sourcecode.swift; path = AppDelegate.swift; sourceTree = "<group>"; };
		B25EC66B1FAE077100545783 /* ViewController.swift */ = {isa = PBXFileReference; lastKnownFileType = sourcecode.swift; path = ViewController.swift; sourceTree = "<group>"; };
		B25EC66E1FAE077100545783 /* Base */ = {isa = PBXFileReference; lastKnownFileType = file.storyboard; name = Base; path = Base.lproj/Main.storyboard; sourceTree = "<group>"; };
		B25EC6701FAE077100545783 /* Assets.xcassets */ = {isa = PBXFileReference; lastKnownFileType = folder.assetcatalog; path = Assets.xcassets; sourceTree = "<group>"; };
		B25EC6731FAE077100545783 /* Base */ = {isa = PBXFileReference; lastKnownFileType = file.storyboard; name = Base; path = Base.lproj/LaunchScreen.storyboard; sourceTree = "<group>"; };
		B25EC6751FAE077100545783 /* Info.plist */ = {isa = PBXFileReference; lastKnownFileType = text.plist.xml; path = Info.plist; sourceTree = "<group>"; };
/* End PBXFileReference section */

/* Begin PBXFrameworksBuildPhase section */
		B25EC6631FAE077100545783 /* Frameworks */ = {
			isa = PBXFrameworksBuildPhase;
			buildActionMask = 2147483647;
			files = (
				09BB4CE2678B5E2802E2B41F /* Pods_CosmeticShop.framework in Frameworks */,
			);
			runOnlyForDeploymentPostprocessing = 0;
		};
/* End PBXFrameworksBuildPhase section */

/* Begin PBXGroup section */
		23A6E73337A577E189AE48FA /* Frameworks */ = {
			isa = PBXGroup;
			children = (
				ABCDF5682221DF6CBDDCA751 /* Pods_CosmeticShop.framework */,
			);
			name = Frameworks;
			sourceTree = "<group>";
		};
		9872854CD408C228C9FA3AB6 /* Pods */ = {
			isa = PBXGroup;
			children = (
				329EEA5398ECE6842F5C2472 /* Pods-CosmeticShop.debug.xcconfig */,
				A1A5380666F9E8984D84B84B /* Pods-CosmeticShop.release.xcconfig */,
			);
			name = Pods;
			sourceTree = "<group>";
		};
		B25EC65D1FAE077100545783 = {
			isa = PBXGroup;
			children = (
				B25EC6681FAE077100545783 /* CosmeticShop */,
				B25EC6671FAE077100545783 /* Products */,
				9872854CD408C228C9FA3AB6 /* Pods */,
				23A6E73337A577E189AE48FA /* Frameworks */,
			);
			sourceTree = "<group>";
		};
		B25EC6671FAE077100545783 /* Products */ = {
			isa = PBXGroup;
			children = (
				B25EC6661FAE077100545783 /* CosmeticShop.app */,
			);
			name = Products;
			sourceTree = "<group>";
		};
		B25EC6681FAE077100545783 /* CosmeticShop */ = {
			isa = PBXGroup;
			children = (
				B25EC6691FAE077100545783 /* AppDelegate.swift */,
				B25EC66B1FAE077100545783 /* ViewController.swift */,
				B25EC66D1FAE077100545783 /* Main.storyboard */,
				B25EC6701FAE077100545783 /* Assets.xcassets */,
				B25EC6721FAE077100545783 /* LaunchScreen.storyboard */,
				B25EC6751FAE077100545783 /* Info.plist */,
			);
			path = CosmeticShop;
			sourceTree = "<group>";
		};
/* End PBXGroup section */

/* Begin PBXNativeTarget section */
		B25EC6651FAE077100545783 /* CosmeticShop */ = {
			isa = PBXNativeTarget;
			buildConfigurationList = B25EC6781FAE077100545783 /* Build configuration list for PBXNativeTarget "CosmeticShop" */;
			buildPhases = (
				936E53967254A832E0BBC081 /* [CP] Check Pods Manifest.lock */,
				B25EC6621FAE077100545783 /* Sources */,
				B25EC6631FAE077100545783 /* Frameworks */,
				B25EC6641FAE077100545783 /* Resources */,
				20DA7C27B73966AEA128FCC2 /* [CP] Embed Pods Frameworks */,
				852F6CD32625FDB87099DE97 /* [CP] Copy Pods Resources */,
			);
			buildRules = (
			);
			dependencies = (
			);
			name = CosmeticShop;
			productName = CosmeticShop;
			productReference = B25EC6661FAE077100545783 /* CosmeticShop.app */;
			productType = "com.apple.product-type.application";
		};
/* End PBXNativeTarget section */

/* Begin PBXProject section */
		B25EC65E1FAE077100545783 /* Project object */ = {
			isa = PBXProject;
			attributes = {
				LastSwiftUpdateCheck = 0900;
				LastUpgradeCheck = 0900;
				ORGANIZATIONNAME = "이승철";
				TargetAttributes = {
					B25EC6651FAE077100545783 = {
						CreatedOnToolsVersion = 9.0.1;
						ProvisioningStyle = Automatic;
					};
				};
			};
			buildConfigurationList = B25EC6611FAE077100545783 /* Build configuration list for PBXProject "CosmeticShop" */;
			compatibilityVersion = "Xcode 8.0";
			developmentRegion = en;
			hasScannedForEncodings = 0;
			knownRegions = (
				en,
				Base,
			);
			mainGroup = B25EC65D1FAE077100545783;
			productRefGroup = B25EC6671FAE077100545783 /* Products */;
			projectDirPath = "";
			projectRoot = "";
			targets = (
				B25EC6651FAE077100545783 /* CosmeticShop */,
			);
		};
/* End PBXProject section */

/* Begin PBXResourcesBuildPhase section */
		B25EC6641FAE077100545783 /* Resources */ = {
			isa = PBXResourcesBuildPhase;
			buildActionMask = 2147483647;
			files = (
				B25EC6741FAE077100545783 /* LaunchScreen.storyboard in Resources */,
				B25EC6711FAE077100545783 /* Assets.xcassets in Resources */,
				B25EC66F1FAE077100545783 /* Main.storyboard in Resources */,
			);
			runOnlyForDeploymentPostprocessing = 0;
		};
/* End PBXResourcesBuildPhase section */

/* Begin PBXShellScriptBuildPhase section */
		20DA7C27B73966AEA128FCC2 /* [CP] Embed Pods Frameworks */ = {
			isa = PBXShellScriptBuildPhase;
			buildActionMask = 2147483647;
			files = (
			);
			inputPaths = (
				"${SRCROOT}/Pods/Target Support Files/Pods-CosmeticShop/Pods-CosmeticShop-frameworks.sh",
				"${BUILT_PRODUCTS_DIR}/GoogleToolboxForMac/GoogleToolboxForMac.framework",
				"${BUILT_PRODUCTS_DIR}/nanopb/nanopb.framework",
			);
			name = "[CP] Embed Pods Frameworks";
			outputPaths = (
				"${TARGET_BUILD_DIR}/${FRAMEWORKS_FOLDER_PATH}/GoogleToolboxForMac.framework",
				"${TARGET_BUILD_DIR}/${FRAMEWORKS_FOLDER_PATH}/nanopb.framework",
			);
			runOnlyForDeploymentPostprocessing = 0;
			shellPath = /bin/sh;
			shellScript = "\"${SRCROOT}/Pods/Target Support Files/Pods-CosmeticShop/Pods-CosmeticShop-frameworks.sh\"\n";
			showEnvVarsInLog = 0;
		};
		852F6CD32625FDB87099DE97 /* [CP] Copy Pods Resources */ = {
			isa = PBXShellScriptBuildPhase;
			buildActionMask = 2147483647;
			files = (
			);
			inputPaths = (
			);
			name = "[CP] Copy Pods Resources";
			outputPaths = (
			);
			runOnlyForDeploymentPostprocessing = 0;
			shellPath = /bin/sh;
			shellScript = "\"${SRCROOT}/Pods/Target Support Files/Pods-CosmeticShop/Pods-CosmeticShop-resources.sh\"\n";
			showEnvVarsInLog = 0;
		};
		936E53967254A832E0BBC081 /* [CP] Check Pods Manifest.lock */ = {
			isa = PBXShellScriptBuildPhase;
			buildActionMask = 2147483647;
			files = (
			);
			inputPaths = (
				"${PODS_PODFILE_DIR_PATH}/Podfile.lock",
				"${PODS_ROOT}/Manifest.lock",
			);
			name = "[CP] Check Pods Manifest.lock";
			outputPaths = (
				"$(DERIVED_FILE_DIR)/Pods-CosmeticShop-checkManifestLockResult.txt",
			);
			runOnlyForDeploymentPostprocessing = 0;
			shellPath = /bin/sh;
			shellScript = "diff \"${PODS_PODFILE_DIR_PATH}/Podfile.lock\" \"${PODS_ROOT}/Manifest.lock\" > /dev/null\nif [ $? != 0 ] ; then\n    # print error to STDERR\n    echo \"error: The sandbox is not in sync with the Podfile.lock. Run 'pod install' or update your CocoaPods installation.\" >&2\n    exit 1\nfi\n# This output is used by Xcode 'outputs' to avoid re-running this script phase.\necho \"SUCCESS\" > \"${SCRIPT_OUTPUT_FILE_0}\"\n";
			showEnvVarsInLog = 0;
		};
/* End PBXShellScriptBuildPhase section */

/* Begin PBXSourcesBuildPhase section */
		B25EC6621FAE077100545783 /* Sources */ = {
			isa = PBXSourcesBuildPhase;
			buildActionMask = 2147483647;
			files = (
				B25EC66C1FAE077100545783 /* ViewController.swift in Sources */,
				B25EC66A1FAE077100545783 /* AppDelegate.swift in Sources */,
			);
			runOnlyForDeploymentPostprocessing = 0;
		};
/* End PBXSourcesBuildPhase section */

/* Begin PBXVariantGroup section */
		B25EC66D1FAE077100545783 /* Main.storyboard */ = {
			isa = PBXVariantGroup;
			children = (
				B25EC66E1FAE077100545783 /* Base */,
			);
			name = Main.storyboard;
			sourceTree = "<group>";
		};
		B25EC6721FAE077100545783 /* LaunchScreen.storyboard */ = {
			isa = PBXVariantGroup;
			children = (
				B25EC6731FAE077100545783 /* Base */,
			);
			name = LaunchScreen.storyboard;
			sourceTree = "<group>";
		};
/* End PBXVariantGroup section */

/* Begin XCBuildConfiguration section */
		B25EC6761FAE077100545783 /* Debug */ = {
			isa = XCBuildConfiguration;
			buildSettings = {
				ALWAYS_SEARCH_USER_PATHS = NO;
				CLANG_ANALYZER_NONNULL = YES;
				CLANG_ANALYZER_NUMBER_OBJECT_CONVERSION = YES_AGGRESSIVE;
				CLANG_CXX_LANGUAGE_STANDARD = "gnu++14";
				CLANG_CXX_LIBRARY = "libc++";
				CLANG_ENABLE_MODULES = YES;
				CLANG_ENABLE_OBJC_ARC = YES;
				CLANG_WARN_BLOCK_CAPTURE_AUTORELEASING = YES;
				CLANG_WARN_BOOL_CONVERSION = YES;
				CLANG_WARN_COMMA = YES;
				CLANG_WARN_CONSTANT_CONVERSION = YES;
				CLANG_WARN_DIRECT_OBJC_ISA_USAGE = YES_ERROR;
				CLANG_WARN_DOCUMENTATION_COMMENTS = YES;
				CLANG_WARN_EMPTY_BODY = YES;
				CLANG_WARN_ENUM_CONVERSION = YES;
				CLANG_WARN_INFINITE_RECURSION = YES;
				CLANG_WARN_INT_CONVERSION = YES;
				CLANG_WARN_NON_LITERAL_NULL_CONVERSION = YES;
				CLANG_WARN_OBJC_LITERAL_CONVERSION = YES;
				CLANG_WARN_OBJC_ROOT_CLASS = YES_ERROR;
				CLANG_WARN_RANGE_LOOP_ANALYSIS = YES;
				CLANG_WARN_STRICT_PROTOTYPES = YES;
				CLANG_WARN_SUSPICIOUS_MOVE = YES;
				CLANG_WARN_UNGUARDED_AVAILABILITY = YES_AGGRESSIVE;
				CLANG_WARN_UNREACHABLE_CODE = YES;
				CLANG_WARN__DUPLICATE_METHOD_MATCH = YES;
				CODE_SIGN_IDENTITY = "iPhone Developer";
				COPY_PHASE_STRIP = NO;
				DEBUG_INFORMATION_FORMAT = dwarf;
				ENABLE_STRICT_OBJC_MSGSEND = YES;
				ENABLE_TESTABILITY = YES;
				GCC_C_LANGUAGE_STANDARD = gnu11;
				GCC_DYNAMIC_NO_PIC = NO;
				GCC_NO_COMMON_BLOCKS = YES;
				GCC_OPTIMIZATION_LEVEL = 0;
				GCC_PREPROCESSOR_DEFINITIONS = (
					"DEBUG=1",
					"$(inherited)",
				);
				GCC_WARN_64_TO_32_BIT_CONVERSION = YES;
				GCC_WARN_ABOUT_RETURN_TYPE = YES_ERROR;
				GCC_WARN_UNDECLARED_SELECTOR = YES;
				GCC_WARN_UNINITIALIZED_AUTOS = YES_AGGRESSIVE;
				GCC_WARN_UNUSED_FUNCTION = YES;
				GCC_WARN_UNUSED_VARIABLE = YES;
				IPHONEOS_DEPLOYMENT_TARGET = 11.0;
				MTL_ENABLE_DEBUG_INFO = YES;
				ONLY_ACTIVE_ARCH = YES;
				SDKROOT = iphoneos;
				SWIFT_ACTIVE_COMPILATION_CONDITIONS = DEBUG;
				SWIFT_OPTIMIZATION_LEVEL = "-Onone";
			};
			name = Debug;
		};
		B25EC6771FAE077100545783 /* Release */ = {
			isa = XCBuildConfiguration;
			buildSettings = {
				ALWAYS_SEARCH_USER_PATHS = NO;
				CLANG_ANALYZER_NONNULL = YES;
				CLANG_ANALYZER_NUMBER_OBJECT_CONVERSION = YES_AGGRESSIVE;
				CLANG_CXX_LANGUAGE_STANDARD = "gnu++14";
				CLANG_CXX_LIBRARY = "libc++";
				CLANG_ENABLE_MODULES = YES;
				CLANG_ENABLE_OBJC_ARC = YES;
				CLANG_WARN_BLOCK_CAPTURE_AUTORELEASING = YES;
				CLANG_WARN_BOOL_CONVERSION = YES;
				CLANG_WARN_COMMA = YES;
				CLANG_WARN_CONSTANT_CONVERSION = YES;
				CLANG_WARN_DIRECT_OBJC_ISA_USAGE = YES_ERROR;
				CLANG_WARN_DOCUMENTATION_COMMENTS = YES;
				CLANG_WARN_EMPTY_BODY = YES;
				CLANG_WARN_ENUM_CONVERSION = YES;
				CLANG_WARN_INFINITE_RECURSION = YES;
				CLANG_WARN_INT_CONVERSION = YES;
				CLANG_WARN_NON_LITERAL_NULL_CONVERSION = YES;
				CLANG_WARN_OBJC_LITERAL_CONVERSION = YES;
				CLANG_WARN_OBJC_ROOT_CLASS = YES_ERROR;
				CLANG_WARN_RANGE_LOOP_ANALYSIS = YES;
				CLANG_WARN_STRICT_PROTOTYPES = YES;
				CLANG_WARN_SUSPICIOUS_MOVE = YES;
				CLANG_WARN_UNGUARDED_AVAILABILITY = YES_AGGRESSIVE;
				CLANG_WARN_UNREACHABLE_CODE = YES;
				CLANG_WARN__DUPLICATE_METHOD_MATCH = YES;
				CODE_SIGN_IDENTITY = "iPhone Developer";
				COPY_PHASE_STRIP = NO;
				DEBUG_INFORMATION_FORMAT = "dwarf-with-dsym";
				ENABLE_NS_ASSERTIONS = NO;
				ENABLE_STRICT_OBJC_MSGSEND = YES;
				GCC_C_LANGUAGE_STANDARD = gnu11;
				GCC_NO_COMMON_BLOCKS = YES;
				GCC_WARN_64_TO_32_BIT_CONVERSION = YES;
				GCC_WARN_ABOUT_RETURN_TYPE = YES_ERROR;
				GCC_WARN_UNDECLARED_SELECTOR = YES;
				GCC_WARN_UNINITIALIZED_AUTOS = YES_AGGRESSIVE;
				GCC_WARN_UNUSED_FUNCTION = YES;
				GCC_WARN_UNUSED_VARIABLE = YES;
				IPHONEOS_DEPLOYMENT_TARGET = 11.0;
				MTL_ENABLE_DEBUG_INFO = NO;
				SDKROOT = iphoneos;
				SWIFT_OPTIMIZATION_LEVEL = "-Owholemodule";
				VALIDATE_PRODUCT = YES;
			};
			name = Release;
		};
		B25EC6791FAE077100545783 /* Debug */ = {
			isa = XCBuildConfiguration;
			baseConfigurationReference = 329EEA5398ECE6842F5C2472 /* Pods-CosmeticShop.debug.xcconfig */;
			buildSettings = {
				ASSETCATALOG_COMPILER_APPICON_NAME = AppIcon;
				CODE_SIGN_STYLE = Automatic;
				DEVELOPMENT_TEAM = JV6348VXVQ;
				INFOPLIST_FILE = CosmeticShop/Info.plist;
				LD_RUNPATH_SEARCH_PATHS = "$(inherited) @executable_path/Frameworks";
				PRODUCT_BUNDLE_IDENTIFIER = leesc.CosmeticShop;
				PRODUCT_NAME = "$(TARGET_NAME)";
				SWIFT_VERSION = 4.0;
				TARGETED_DEVICE_FAMILY = "1,2";
			};
			name = Debug;
		};
		B25EC67A1FAE077100545783 /* Release */ = {
			isa = XCBuildConfiguration;
			baseConfigurationReference = A1A5380666F9E8984D84B84B /* Pods-CosmeticShop.release.xcconfig */;
			buildSettings = {
				ASSETCATALOG_COMPILER_APPICON_NAME = AppIcon;
				CODE_SIGN_STYLE = Automatic;
				DEVELOPMENT_TEAM = JV6348VXVQ;
				INFOPLIST_FILE = CosmeticShop/Info.plist;
				LD_RUNPATH_SEARCH_PATHS = "$(inherited) @executable_path/Frameworks";
				PRODUCT_BUNDLE_IDENTIFIER = leesc.CosmeticShop;
				PRODUCT_NAME = "$(TARGET_NAME)";
				SWIFT_VERSION = 4.0;
				TARGETED_DEVICE_FAMILY = "1,2";
			};
			name = Release;
		};
/* End XCBuildConfiguration section */

/* Begin XCConfigurationList section */
		B25EC6611FAE077100545783 /* Build configuration list for PBXProject "CosmeticShop" */ = {
			isa = XCConfigurationList;
			buildConfigurations = (
				B25EC6761FAE077100545783 /* Debug */,
				B25EC6771FAE077100545783 /* Release */,
			);
			defaultConfigurationIsVisible = 0;
			defaultConfigurationName = Release;
		};
		B25EC6781FAE077100545783 /* Build configuration list for PBXNativeTarget "CosmeticShop" */ = {
			isa = XCConfigurationList;
			buildConfigurations = (
				B25EC6791FAE077100545783 /* Debug */,
				B25EC67A1FAE077100545783 /* Release */,
			);
			defaultConfigurationIsVisible = 0;
			defaultConfigurationName = Release;
		};
/* End XCConfigurationList section */
	};
	rootObject = B25EC65E1FAE077100545783 /* Project object */;
}
